PODS:
  - AppCenter (2.5.1):
    - AppCenter/Analytics (= 2.5.1)
    - AppCenter/Crashes (= 2.5.1)
  - AppCenter/Analytics (2.5.1):
    - AppCenter/Core
  - AppCenter/Core (2.5.1)
  - AppCenter/Crashes (2.5.1):
    - AppCenter/Core

DEPENDENCIES:
  - AppCenter

SPEC REPOS:
  trunk:
    - AppCenter

SPEC CHECKSUMS:
  AppCenter: fddcbac6e4baae3d93a196ceb0bfe0e4ce407dec

PODFILE CHECKSUM: c22f868b6b92a74e5ba749515e6c6d4008924e8b

COCOAPODS: 1.8.4
