// !$*UTF8*$!
{
	archiveVersion = 1;
	classes = {
	};
	objectVersion = 50;
	objects = {

/* Begin PBXBuildFile section */
		81BBFCBA239D3E7600B050AE /* AppDelegate.swift in Sources */ = {isa = PBXBuildFile; fileRef = 81BBFCB9239D3E7600B050AE /* AppDelegate.swift */; };
		81BBFCBC239D3E7600B050AE /* SceneDelegate.swift in Sources */ = {isa = PBXBuildFile; fileRef = 81BBFCBB239D3E7600B050AE /* SceneDelegate.swift */; };
		81BBFCBE239D3E7600B050AE /* ViewController.swift in Sources */ = {isa = PBXBuildFile; fileRef = 81BBFCBD239D3E7600B050AE /* ViewController.swift */; };
		81BBFCC1239D3E7600B050AE /* Main.storyboard in Resources */ = {isa = PBXBuildFile; fileRef = 81BBFCBF239D3E7600B050AE /* Main.storyboard */; };
		81BBFCC3239D3E7700B050AE /* Assets.xcassets in Resources */ = {isa = PBXBuildFile; fileRef = 81BBFCC2239D3E7700B050AE /* Assets.xcassets */; };
		81BBFCC6239D3E7700B050AE /* LaunchScreen.storyboard in Resources */ = {isa = PBXBuildFile; fileRef = 81BBFCC4239D3E7700B050AE /* LaunchScreen.storyboard */; };
/* End PBXBuildFile section */

/* Begin PBXFileReference section */
		81BBFCB6239D3E7600B050AE /* TestAppCenter.app */ = {isa = PBXFileReference; explicitFileType = wrapper.application; includeInIndex = 0; path = TestAppCenter.app; sourceTree = BUILT_PRODUCTS_DIR; };
		81BBFCB9239D3E7600B050AE /* AppDelegate.swift */ = {isa = PBXFileReference; lastKnownFileType = sourcecode.swift; path = AppDelegate.swift; sourceTree = "<group>"; };
		81BBFCBB239D3E7600B050AE /* SceneDelegate.swift */ = {isa = PBXFileReference; lastKnownFileType = sourcecode.swift; path = SceneDelegate.swift; sourceTree = "<group>"; };
		81BBFCBD239D3E7600B050AE /* ViewController.swift */ = {isa = PBXFileReference; lastKnownFileType = sourcecode.swift; path = ViewController.swift; sourceTree = "<group>"; };
		81BBFCC0239D3E7600B050AE /* Base */ = {isa = PBXFileReference; lastKnownFileType = file.storyboard; name = Base; path = Base.lproj/Main.storyboard; sourceTree = "<group>"; };
		81BBFCC2239D3E7700B050AE /* Assets.xcassets */ = {isa = PBXFileReference; lastKnownFileType = folder.assetcatalog; path = Assets.xcassets; sourceTree = "<group>"; };
		81BBFCC5239D3E7700B050AE /* Base */ = {isa = PBXFileReference; lastKnownFileType = file.storyboard; name = Base; path = Base.lproj/LaunchScreen.storyboard; sourceTree = "<group>"; };
		81BBFCC7239D3E7700B050AE /* Info.plist */ = {isa = PBXFileReference; lastKnownFileType = text.plist.xml; path = Info.plist; sourceTree = "<group>"; };
/* End PBXFileReference section */

/* Begin PBXFrameworksBuildPhase section */
		81BBFCB3239D3E7600B050AE /* Frameworks */ = {
			isa = PBXFrameworksBuildPhase;
			buildActionMask = 2147483647;
			files = (
			);
			runOnlyForDeploymentPostprocessing = 0;
		};
/* End PBXFrameworksBuildPhase section */

/* Begin PBXGroup section */
		81BBFCAD239D3E7600B050AE = {
			isa = PBXGroup;
			children = (
				81BBFCB8239D3E7600B050AE /* TestAppCenter */,
				81BBFCB7239D3E7600B050AE /* Products */,
			);
			sourceTree = "<group>";
		};
		81BBFCB7239D3E7600B050AE /* Products */ = {
			isa = PBXGroup;
			children = (
				81BBFCB6239D3E7600B050AE /* TestAppCenter.app */,
			);
			name = Products;
			sourceTree = "<group>";
		};
		81BBFCB8239D3E7600B050AE /* TestAppCenter */ = {
			isa = PBXGroup;
			children = (
				81BBFCB9239D3E7600B050AE /* AppDelegate.swift */,
				81BBFCBB239D3E7600B050AE /* SceneDelegate.swift */,
				81BBFCBD239D3E7600B050AE /* ViewController.swift */,
				81BBFCBF239D3E7600B050AE /* Main.storyboard */,
				81BBFCC2239D3E7700B050AE /* Assets.xcassets */,
				81BBFCC4239D3E7700B050AE /* LaunchScreen.storyboard */,
				81BBFCC7239D3E7700B050AE /* Info.plist */,
			);
			path = TestAppCenter;
			sourceTree = "<group>";
		};
/* End PBXGroup section */

/* Begin PBXNativeTarget section */
		81BBFCB5239D3E7600B050AE /* TestAppCenter */ = {
			isa = PBXNativeTarget;
			buildConfigurationList = 81BBFCCA239D3E7700B050AE /* Build configuration list for PBXNativeTarget "TestAppCenter" */;
			buildPhases = (
				81BBFCB2239D3E7600B050AE /* Sources */,
				81BBFCB3239D3E7600B050AE /* Frameworks */,
				81BBFCB4239D3E7600B050AE /* Resources */,
			);
			buildRules = (
			);
			dependencies = (
			);
			name = TestAppCenter;
			productName = TestAppCenter;
			productReference = 81BBFCB6239D3E7600B050AE /* TestAppCenter.app */;
			productType = "com.apple.product-type.application";
		};
/* End PBXNativeTarget section */

/* Begin PBXProject section */
		81BBFCAE239D3E7600B050AE /* Project object */ = {
			isa = PBXProject;
			attributes = {
				LastSwiftUpdateCheck = 1120;
				LastUpgradeCheck = 1120;
				ORGANIZATIONNAME = "Duaa Tashkandi";
				TargetAttributes = {
					81BBFCB5239D3E7600B050AE = {
						CreatedOnToolsVersion = 11.2.1;
					};
				};
			};
			buildConfigurationList = 81BBFCB1239D3E7600B050AE /* Build configuration list for PBXProject "TestAppCenter" */;
			compatibilityVersion = "Xcode 9.3";
			developmentRegion = en;
			hasScannedForEncodings = 0;
			knownRegions = (
				en,
				Base,
			);
			mainGroup = 81BBFCAD239D3E7600B050AE;
			productRefGroup = 81BBFCB7239D3E7600B050AE /* Products */;
			projectDirPath = "";
			projectRoot = "";
			targets = (
				81BBFCB5239D3E7600B050AE /* TestAppCenter */,
			);
		};
/* End PBXProject section */

/* Begin PBXResourcesBuildPhase section */
		81BBFCB4239D3E7600B050AE /* Resources */ = {
			isa = PBXResourcesBuildPhase;
			buildActionMask = 2147483647;
			files = (
				81BBFCC6239D3E7700B050AE /* LaunchScreen.storyboard in Resources */,
				81BBFCC3239D3E7700B050AE /* Assets.xcassets in Resources */,
				81BBFCC1239D3E7600B050AE /* Main.storyboard in Resources */,
			);
			runOnlyForDeploymentPostprocessing = 0;
		};
/* End PBXResourcesBuildPhase section */

/* Begin PBXSourcesBuildPhase section */
		81BBFCB2239D3E7600B050AE /* Sources */ = {
			isa = PBXSourcesBuildPhase;
			buildActionMask = 2147483647;
			files = (
				81BBFCBE239D3E7600B050AE /* ViewController.swift in Sources */,
				81BBFCBA239D3E7600B050AE /* AppDelegate.swift in Sources */,
				81BBFCBC239D3E7600B050AE /* SceneDelegate.swift in Sources */,
			);
			runOnlyForDeploymentPostprocessing = 0;
		};
/* End PBXSourcesBuildPhase section */

/* Begin PBXVariantGroup section */
		81BBFCBF239D3E7600B050AE /* Main.storyboard */ = {
			isa = PBXVariantGroup;
			children = (
				81BBFCC0239D3E7600B050AE /* Base */,
			);
			name = Main.storyboard;
			sourceTree = "<group>";
		};
		81BBFCC4239D3E7700B050AE /* LaunchScreen.storyboard */ = {
			isa = PBXVariantGroup;
			children = (
				81BBFCC5239D3E7700B050AE /* Base */,
			);
			name = LaunchScreen.storyboard;
			sourceTree = "<group>";
		};
/* End PBXVariantGroup section */

/* Begin XCBuildConfiguration section */
		81BBFCC8239D3E7700B050AE /* Debug */ = {
			isa = XCBuildConfiguration;
			buildSettings = {
				ALWAYS_SEARCH_USER_PATHS = NO;
				CLANG_ANALYZER_NONNULL = YES;
				CLANG_ANALYZER_NUMBER_OBJECT_CONVERSION = YES_AGGRESSIVE;
				CLANG_CXX_LANGUAGE_STANDARD = "gnu++14";
				CLANG_CXX_LIBRARY = "libc++";
				CLANG_ENABLE_MODULES = YES;
				CLANG_ENABLE_OBJC_ARC = YES;
				CLANG_ENABLE_OBJC_WEAK = YES;
				CLANG_WARN_BLOCK_CAPTURE_AUTORELEASING = YES;
				CLANG_WARN_BOOL_CONVERSION = YES;
				CLANG_WARN_COMMA = YES;
				CLANG_WARN_CONSTANT_CONVERSION = YES;
				CLANG_WARN_DEPRECATED_OBJC_IMPLEMENTATIONS = YES;
				CLANG_WARN_DIRECT_OBJC_ISA_USAGE = YES_ERROR;
				CLANG_WARN_DOCUMENTATION_COMMENTS = YES;
				CLANG_WARN_EMPTY_BODY = YES;
				CLANG_WARN_ENUM_CONVERSION = YES;
				CLANG_WARN_INFINITE_RECURSION = YES;
				CLANG_WARN_INT_CONVERSION = YES;
				CLANG_WARN_NON_LITERAL_NULL_CONVERSION = YES;
				CLANG_WARN_OBJC_IMPLICIT_RETAIN_SELF = YES;
				CLANG_WARN_OBJC_LITERAL_CONVERSION = YES;
				CLANG_WARN_OBJC_ROOT_CLASS = YES_ERROR;
				CLANG_WARN_RANGE_LOOP_ANALYSIS = YES;
				CLANG_WARN_STRICT_PROTOTYPES = YES;
				CLANG_WARN_SUSPICIOUS_MOVE = YES;
				CLANG_WARN_UNGUARDED_AVAILABILITY = YES_AGGRESSIVE;
				CLANG_WARN_UNREACHABLE_CODE = YES;
				CLANG_WARN__DUPLICATE_METHOD_MATCH = YES;
				COPY_PHASE_STRIP = NO;
				DEBUG_INFORMATION_FORMAT = dwarf;
				ENABLE_STRICT_OBJC_MSGSEND = YES;
				ENABLE_TESTABILITY = YES;
				GCC_C_LANGUAGE_STANDARD = gnu11;
				GCC_DYNAMIC_NO_PIC = NO;
				GCC_NO_COMMON_BLOCKS = YES;
				GCC_OPTIMIZATION_LEVEL = 0;
				GCC_PREPROCESSOR_DEFINITIONS = (
					"DEBUG=1",
					"$(inherited)",
				);
				GCC_WARN_64_TO_32_BIT_CONVERSION = YES;
				GCC_WARN_ABOUT_RETURN_TYPE = YES_ERROR;
				GCC_WARN_UNDECLARED_SELECTOR = YES;
				GCC_WARN_UNINITIALIZED_AUTOS = YES_AGGRESSIVE;
				GCC_WARN_UNUSED_FUNCTION = YES;
				GCC_WARN_UNUSED_VARIABLE = YES;
				IPHONEOS_DEPLOYMENT_TARGET = 13.2;
				MTL_ENABLE_DEBUG_INFO = INCLUDE_SOURCE;
				MTL_FAST_MATH = YES;
				ONLY_ACTIVE_ARCH = YES;
				SDKROOT = iphoneos;
				SWIFT_ACTIVE_COMPILATION_CONDITIONS = DEBUG;
				SWIFT_OPTIMIZATION_LEVEL = "-Onone";
			};
			name = Debug;
		};
		81BBFCC9239D3E7700B050AE /* Release */ = {
			isa = XCBuildConfiguration;
			buildSettings = {
				ALWAYS_SEARCH_USER_PATHS = NO;
				CLANG_ANALYZER_NONNULL = YES;
				CLANG_ANALYZER_NUMBER_OBJECT_CONVERSION = YES_AGGRESSIVE;
				CLANG_CXX_LANGUAGE_STANDARD = "gnu++14";
				CLANG_CXX_LIBRARY = "libc++";
				CLANG_ENABLE_MODULES = YES;
				CLANG_ENABLE_OBJC_ARC = YES;
				CLANG_ENABLE_OBJC_WEAK = YES;
				CLANG_WARN_BLOCK_CAPTURE_AUTORELEASING = YES;
				CLANG_WARN_BOOL_CONVERSION = YES;
				CLANG_WARN_COMMA = YES;
				CLANG_WARN_CONSTANT_CONVERSION = YES;
				CLANG_WARN_DEPRECATED_OBJC_IMPLEMENTATIONS = YES;
				CLANG_WARN_DIRECT_OBJC_ISA_USAGE = YES_ERROR;
				CLANG_WARN_DOCUMENTATION_COMMENTS = YES;
				CLANG_WARN_EMPTY_BODY = YES;
				CLANG_WARN_ENUM_CONVERSION = YES;
				CLANG_WARN_INFINITE_RECURSION = YES;
				CLANG_WARN_INT_CONVERSION = YES;
				CLANG_WARN_NON_LITERAL_NULL_CONVERSION = YES;
				CLANG_WARN_OBJC_IMPLICIT_RETAIN_SELF = YES;
				CLANG_WARN_OBJC_LITERAL_CONVERSION = YES;
				CLANG_WARN_OBJC_ROOT_CLASS = YES_ERROR;
				CLANG_WARN_RANGE_LOOP_ANALYSIS = YES;
				CLANG_WARN_STRICT_PROTOTYPES = YES;
				CLANG_WARN_SUSPICIOUS_MOVE = YES;
				CLANG_WARN_UNGUARDED_AVAILABILITY = YES_AGGRESSIVE;
				CLANG_WARN_UNREACHABLE_CODE = YES;
				CLANG_WARN__DUPLICATE_METHOD_MATCH = YES;
				COPY_PHASE_STRIP = NO;
				DEBUG_INFORMATION_FORMAT = "dwarf-with-dsym";
				ENABLE_NS_ASSERTIONS = NO;
				ENABLE_STRICT_OBJC_MSGSEND = YES;
				GCC_C_LANGUAGE_STANDARD = gnu11;
				GCC_NO_COMMON_BLOCKS = YES;
				GCC_WARN_64_TO_32_BIT_CONVERSION = YES;
				GCC_WARN_ABOUT_RETURN_TYPE = YES_ERROR;
				GCC_WARN_UNDECLARED_SELECTOR = YES;
				GCC_WARN_UNINITIALIZED_AUTOS = YES_AGGRESSIVE;
				GCC_WARN_UNUSED_FUNCTION = YES;
				GCC_WARN_UNUSED_VARIABLE = YES;
				IPHONEOS_DEPLOYMENT_TARGET = 13.2;
				MTL_ENABLE_DEBUG_INFO = NO;
				MTL_FAST_MATH = YES;
				SDKROOT = iphoneos;
				SWIFT_COMPILATION_MODE = wholemodule;
				SWIFT_OPTIMIZATION_LEVEL = "-O";
				VALIDATE_PRODUCT = YES;
			};
			name = Release;
		};
		81BBFCCB239D3E7700B050AE /* Debug */ = {
			isa = XCBuildConfiguration;
			buildSettings = {
				ASSETCATALOG_COMPILER_APPICON_NAME = AppIcon;
				CODE_SIGN_STYLE = Automatic;
				DEVELOPMENT_TEAM = 62UB3BM3WZ;
				INFOPLIST_FILE = TestAppCenter/Info.plist;
				LD_RUNPATH_SEARCH_PATHS = (
					"$(inherited)",
					"@executable_path/Frameworks",
				);
				PRODUCT_BUNDLE_IDENTIFIER = com.makeAppPie1.TestAppCenter;
				PRODUCT_NAME = "$(TARGET_NAME)";
				SWIFT_VERSION = 5.0;
				TARGETED_DEVICE_FAMILY = "1,2";
			};
			name = Debug;
		};
		81BBFCCC239D3E7700B050AE /* Release */ = {
			isa = XCBuildConfiguration;
			buildSettings = {
				ASSETCATALOG_COMPILER_APPICON_NAME = AppIcon;
				CODE_SIGN_STYLE = Automatic;
				DEVELOPMENT_TEAM = 62UB3BM3WZ;
				INFOPLIST_FILE = TestAppCenter/Info.plist;
				LD_RUNPATH_SEARCH_PATHS = (
					"$(inherited)",
					"@executable_path/Frameworks",
				);
				PRODUCT_BUNDLE_IDENTIFIER = com.makeAppPie1.TestAppCenter;
				PRODUCT_NAME = "$(TARGET_NAME)";
				SWIFT_VERSION = 5.0;
				TARGETED_DEVICE_FAMILY = "1,2";
			};
			name = Release;
		};
/* End XCBuildConfiguration section */

/* Begin XCConfigurationList section */
		81BBFCB1239D3E7600B050AE /* Build configuration list for PBXProject "TestAppCenter" */ = {
			isa = XCConfigurationList;
			buildConfigurations = (
				81BBFCC8239D3E7700B050AE /* Debug */,
				81BBFCC9239D3E7700B050AE /* Release */,
			);
			defaultConfigurationIsVisible = 0;
			defaultConfigurationName = Release;
		};
		81BBFCCA239D3E7700B050AE /* Build configuration list for PBXNativeTarget "TestAppCenter" */ = {
			isa = XCConfigurationList;
			buildConfigurations = (
				81BBFCCB239D3E7700B050AE /* Debug */,
				81BBFCCC239D3E7700B050AE /* Release */,
			);
			defaultConfigurationIsVisible = 0;
			defaultConfigurationName = Release;
		};
/* End XCConfigurationList section */
	};
	rootObject = 81BBFCAE239D3E7600B050AE /* Project object */;
}
